
Microsoft Visual Studio Solution File, Format Version 12.00
# Visual Studio 14
VisualStudioVersion = 14.0.24720.0
MinimumVisualStudioVersion = 10.0.40219.1
Project("{FAE04EC0-301F-11D3-BF4B-00C04F79EFBC}") = "BlankSlate", "src\BlankSlate\BlankSlate.csproj", "{0ECBA0D4-41A3-4DDB-AEF0-BA808047B2BD}"
EndProject
Project("{FAE04EC0-301F-11D3-BF4B-00C04F79EFBC}") = "HelloWorld", "src\HelloWorld\HelloWorld.csproj", "{C58F7F22-98AD-4863-93B9-61643DA7364E}"
EndProject
Project("{FAE04EC0-301F-11D3-BF4B-00C04F79EFBC}") = "Routing", "src\Routing\Routing.csproj", "{97324748-7F9A-482A-91E0-C664C5DCDE10}"
EndProject
Project("{FAE04EC0-301F-11D3-BF4B-00C04F79EFBC}") = "Shared", "src\Shared\Shared.csproj", "{D532EAAF-7F20-4B50-9810-3F7B71388F53}"
EndProject
Project("{FAE04EC0-301F-11D3-BF4B-00C04F79EFBC}") = "Supervision", "src\Supervision\Supervision.csproj", "{1F480A73-8139-405A-AA8E-F0F45600AF5D}"
EndProject
Global
	GlobalSection(SolutionConfigurationPlatforms) = preSolution
		Debug|Any CPU = Debug|Any CPU
		Release|Any CPU = Release|Any CPU
	EndGlobalSection
	GlobalSection(ProjectConfigurationPlatforms) = postSolution
		{0ECBA0D4-41A3-4DDB-AEF0-BA808047B2BD}.Debug|Any CPU.ActiveCfg = Debug|Any CPU
		{0ECBA0D4-41A3-4DDB-AEF0-BA808047B2BD}.Debug|Any CPU.Build.0 = Debug|Any CPU
		{0ECBA0D4-41A3-4DDB-AEF0-BA808047B2BD}.Release|Any CPU.ActiveCfg = Release|Any CPU
		{0ECBA0D4-41A3-4DDB-AEF0-BA808047B2BD}.Release|Any CPU.Build.0 = Release|Any CPU
		{C58F7F22-98AD-4863-93B9-61643DA7364E}.Debug|Any CPU.ActiveCfg = Debug|Any CPU
		{C58F7F22-98AD-4863-93B9-61643DA7364E}.Debug|Any CPU.Build.0 = Debug|Any CPU
		{C58F7F22-98AD-4863-93B9-61643DA7364E}.Release|Any CPU.ActiveCfg = Release|Any CPU
		{C58F7F22-98AD-4863-93B9-61643DA7364E}.Release|Any CPU.Build.0 = Release|Any CPU
		{97324748-7F9A-482A-91E0-C664C5DCDE10}.Debug|Any CPU.ActiveCfg = Debug|Any CPU
		{97324748-7F9A-482A-91E0-C664C5DCDE10}.Debug|Any CPU.Build.0 = Debug|Any CPU
		{97324748-7F9A-482A-91E0-C664C5DCDE10}.Release|Any CPU.ActiveCfg = Release|Any CPU
		{97324748-7F9A-482A-91E0-C664C5DCDE10}.Release|Any CPU.Build.0 = Release|Any CPU
		{D532EAAF-7F20-4B50-9810-3F7B71388F53}.Debug|Any CPU.ActiveCfg = Debug|Any CPU
		{D532EAAF-7F20-4B50-9810-3F7B71388F53}.Debug|Any CPU.Build.0 = Debug|Any CPU
		{D532EAAF-7F20-4B50-9810-3F7B71388F53}.Release|Any CPU.ActiveCfg = Release|Any CPU
		{D532EAAF-7F20-4B50-9810-3F7B71388F53}.Release|Any CPU.Build.0 = Release|Any CPU
		{1F480A73-8139-405A-AA8E-F0F45600AF5D}.Debug|Any CPU.ActiveCfg = Debug|Any CPU
		{1F480A73-8139-405A-AA8E-F0F45600AF5D}.Debug|Any CPU.Build.0 = Debug|Any CPU
		{1F480A73-8139-405A-AA8E-F0F45600AF5D}.Release|Any CPU.ActiveCfg = Release|Any CPU
		{1F480A73-8139-405A-AA8E-F0F45600AF5D}.Release|Any CPU.Build.0 = Release|Any CPU
	EndGlobalSection
	GlobalSection(SolutionProperties) = preSolution
		HideSolutionNode = FALSE
	EndGlobalSection
EndGlobal
